// !$*UTF8*$!
{
	archiveVersion = 1;
	classes = {
	};
	objectVersion = 63;
	objects = {

/* Begin PBXBuildFile section */
		282B868D3F685D28BD3DA152 /* AudioSessionManager.swift in Sources */ = {isa = PBXBuildFile; fileRef = 49CA135AB11A4A8F1439B0F2 /* AudioSessionManager.swift */; };
		7B83B615010B4BA7AFC31E5A /* index.html in Resources */ = {isa = PBXBuildFile; fileRef = 8254A7439B2D322BFDFFBA4E /* index.html */; };
		9D18C3A2CDF8728B946D0355 /* Assets.xcassets in Resources */ = {isa = PBXBuildFile; fileRef = BB3FE53F6974F13C32F40107 /* Assets.xcassets */; };
		A35F8B5CB1C418F46F45E5FD /* ContentView.swift in Sources */ = {isa = PBXBuildFile; fileRef = 46F3C9229C7466656AC538FA /* ContentView.swift */; };
		CD33906153101A32CD78E3BF /* WebView.swift in Sources */ = {isa = PBXBuildFile; fileRef = 659A0F5F14A8F1BA0ADFD6C1 /* WebView.swift */; };
		F5BA4045AEE94B0A60C2638E /* TicTacToeSamplerApp.swift in Sources */ = {isa = PBXBuildFile; fileRef = 14AE5CAB7ED91F1F2E853A09 /* TicTacToeSamplerApp.swift */; };
		A1B2C3D4E5F60718091A2B3C /* PrivacyInfo.xcprivacy in Resources */ = {isa = PBXBuildFile; fileRef = D4E5F6071809A1B2C3D4E5F6 /* PrivacyInfo.xcprivacy */; };
/* End PBXBuildFile section */

/* Begin PBXFileReference section */
		14AE5CAB7ED91F1F2E853A09 /* TicTacToeSamplerApp.swift */ = {isa = PBXFileReference; lastKnownFileType = sourcecode.swift; path = TicTacToeSamplerApp.swift; sourceTree = "<group>"; };
		46F3C9229C7466656AC538FA /* ContentView.swift */ = {isa = PBXFileReference; lastKnownFileType = sourcecode.swift; path = ContentView.swift; sourceTree = "<group>"; };
		49CA135AB11A4A8F1439B0F2 /* AudioSessionManager.swift */ = {isa = PBXFileReference; lastKnownFileType = sourcecode.swift; path = AudioSessionManager.swift; sourceTree = "<group>"; };
		659A0F5F14A8F1BA0ADFD6C1 /* WebView.swift */ = {isa = PBXFileReference; lastKnownFileType = sourcecode.swift; path = WebView.swift; sourceTree = "<group>"; };
		7EE6B3BBE5BD567F76798641 /* Info.plist */ = {isa = PBXFileReference; lastKnownFileType = text.plist; path = Info.plist; sourceTree = "<group>"; };
		8254A7439B2D322BFDFFBA4E /* index.html */ = {isa = PBXFileReference; lastKnownFileType = text.html; path = index.html; sourceTree = "<group>"; };
		9E98286E877F3D66CBB204D1 /* TicTacToeSampler.app */ = {isa = PBXFileReference; explicitFileType = wrapper.application; includeInIndex = 0; path = TicTacToeSampler.app; sourceTree = BUILT_PRODUCTS_DIR; };
		BB3FE53F6974F13C32F40107 /* Assets.xcassets */ = {isa = PBXFileReference; lastKnownFileType = folder.assetcatalog; path = Assets.xcassets; sourceTree = "<group>"; };
		D4E5F6071809A1B2C3D4E5F6 /* PrivacyInfo.xcprivacy */ = {isa = PBXFileReference; lastKnownFileType = text.xml; path = PrivacyInfo.xcprivacy; sourceTree = "<group>"; };
/* End PBXFileReference section */

/* Begin PBXGroup section */
		40A690FCD9D9004B7EE86D2A /* Products */ = {
			isa = PBXGroup;
			children = (
				9E98286E877F3D66CBB204D1 /* TicTacToeSampler.app */,
			);
			name = Products;
			sourceTree = "<group>";
		};
		AE7CB96F6BA0A1048D2BFF8B = {
			isa = PBXGroup;
			children = (
				E2EC626D003580960EBECA36 /* TicTacToeSampler */,
				40A690FCD9D9004B7EE86D2A /* Products */,
			);
			sourceTree = "<group>";
		};
		E2EC626D003580960EBECA36 /* TicTacToeSampler */ = {
			isa = PBXGroup;
			children = (
				BB3FE53F6974F13C32F40107 /* Assets.xcassets */,
				49CA135AB11A4A8F1439B0F2 /* AudioSessionManager.swift */,
				46F3C9229C7466656AC538FA /* ContentView.swift */,
				8254A7439B2D322BFDFFBA4E /* index.html */,
				7EE6B3BBE5BD567F76798641 /* Info.plist */,
				D4E5F6071809A1B2C3D4E5F6 /* PrivacyInfo.xcprivacy */,
				14AE5CAB7ED91F1F2E853A09 /* TicTacToeSamplerApp.swift */,
				659A0F5F14A8F1BA0ADFD6C1 /* WebView.swift */,
			);
			path = TicTacToeSampler;
			sourceTree = "<group>";
		};
/* End PBXGroup section */

/* Begin PBXNativeTarget section */
		39CE9FFA1AB67F53DDD2B946 /* TicTacToeSampler */ = {
			isa = PBXNativeTarget;
			buildConfigurationList = B486AE9C1E9665122F0A1271 /* Build configuration list for PBXNativeTarget "TicTacToeSampler" */;
			buildPhases = (
				C14C09FAB374E5929CA8B5F6 /* Sources */,
				927DE1411057E8BB744A5DE6 /* Resources */,
			);
			buildRules = (
			);
			dependencies = (
			);
			name = TicTacToeSampler;
			packageProductDependencies = (
			);
			productName = TicTacToeSampler;
			productReference = 9E98286E877F3D66CBB204D1 /* TicTacToeSampler.app */;
			productType = "com.apple.product-type.application";
		};
/* End PBXNativeTarget section */

/* Begin PBXProject section */
		44ACEDEB3EC3FD08077E3087 /* Project object */ = {
			isa = PBXProject;
			attributes = {
				BuildIndependentTargetsInParallel = YES;
				LastUpgradeCheck = 1430;
			};
			buildConfigurationList = 3BB184413585A3C70082A641 /* Build configuration list for PBXProject "TicTacToeSampler" */;
			compatibilityVersion = "Xcode 14.0";
			developmentRegion = en;
			hasScannedForEncodings = 0;
			knownRegions = (
				Base,
				en,
			);
			mainGroup = AE7CB96F6BA0A1048D2BFF8B;
			minimizedProjectReferenceProxies = 1;
			projectDirPath = "";
			projectRoot = "";
			targets = (
				39CE9FFA1AB67F53DDD2B946 /* TicTacToeSampler */,
			);
		};
/* End PBXProject section */

/* Begin PBXResourcesBuildPhase section */
		927DE1411057E8BB744A5DE6 /* Resources */ = {
			isa = PBXResourcesBuildPhase;
			buildActionMask = 2147483647;
			files = (
				9D18C3A2CDF8728B946D0355 /* Assets.xcassets in Resources */,
				7B83B615010B4BA7AFC31E5A /* index.html in Resources */,
				A1B2C3D4E5F60718091A2B3C /* PrivacyInfo.xcprivacy in Resources */,
			);
			runOnlyForDeploymentPostprocessing = 0;
		};
/* End PBXResourcesBuildPhase section */

/* Begin PBXSourcesBuildPhase section */
		C14C09FAB374E5929CA8B5F6 /* Sources */ = {
			isa = PBXSourcesBuildPhase;
			buildActionMask = 2147483647;
			files = (
				282B868D3F685D28BD3DA152 /* AudioSessionManager.swift in Sources */,
				A35F8B5CB1C418F46F45E5FD /* ContentView.swift in Sources */,
				F5BA4045AEE94B0A60C2638E /* TicTacToeSamplerApp.swift in Sources */,
				CD33906153101A32CD78E3BF /* WebView.swift in Sources */,
			);
			runOnlyForDeploymentPostprocessing = 0;
		};
/* End PBXSourcesBuildPhase section */

/* Begin XCBuildConfiguration section */
		1CBB0BEA6C85988BBFA9694A /* Release */ = {
			isa = XCBuildConfiguration;
			buildSettings = {
				ASSETCATALOG_COMPILER_APPICON_NAME = AppIcon;
				ASSETCATALOG_COMPILER_GLOBAL_ACCENT_COLOR_NAME = AccentColor;
				CODE_SIGN_IDENTITY = "iPhone Developer";
				CURRENT_PROJECT_VERSION = 1;
				DEVELOPMENT_TEAM = PG4Y3SUQ53;
				GENERATE_INFOPLIST_FILE = YES;
				INFOPLIST_FILE = TicTacToeSampler/Info.plist;
				INFOPLIST_KEY_UILaunchScreen_Generation = YES;
				INFOPLIST_KEY_UIStatusBarStyle = "";
				INFOPLIST_KEY_UISupportedInterfaceOrientations = UIInterfaceOrientationPortrait;
				LD_RUNPATH_SEARCH_PATHS = (
					"$(inherited)",
					"@executable_path/Frameworks",
				);
				MARKETING_VERSION = 1.0;
				OTHER_CODE_SIGN_FLAGS = "--deep";
				PRODUCT_BUNDLE_IDENTIFIER = com.davesuzuki.TicTacToeSampler;
				SDKROOT = iphoneos;
				TARGETED_DEVICE_FAMILY = "1,2";
			};
			name = Release;
		};
		302112A80977441A17D0E7D6 /* Release */ = {
			isa = XCBuildConfiguration;
			buildSettings = {
				ALWAYS_SEARCH_USER_PATHS = NO;
				CLANG_ANALYZER_NONNULL = YES;
				CLANG_ANALYZER_NUMBER_OBJECT_CONVERSION = YES_AGGRESSIVE;
				CLANG_CXX_LANGUAGE_STANDARD = "gnu++14";
				CLANG_CXX_LIBRARY = "libc++";
				CLANG_ENABLE_MODULES = YES;
				CLANG_ENABLE_OBJC_ARC = YES;
				CLANG_ENABLE_OBJC_WEAK = YES;
				CLANG_WARN_BLOCK_CAPTURE_AUTORELEASING = YES;
				CLANG_WARN_BOOL_CONVERSION = YES;
				CLANG_WARN_COMMA = YES;
				CLANG_WARN_CONSTANT_CONVERSION = YES;
				CLANG_WARN_DEPRECATED_OBJC_IMPLEMENTATIONS = YES;
				CLANG_WARN_DIRECT_OBJC_ISA_USAGE = YES_ERROR;
				CLANG_WARN_DOCUMENTATION_COMMENTS = YES;
				CLANG_WARN_EMPTY_BODY = YES;
				CLANG_WARN_ENUM_CONVERSION = YES;
				CLANG_WARN_INFINITE_RECURSION = YES;
				CLANG_WARN_INT_CONVERSION = YES;
				CLANG_WARN_NON_LITERAL_NULL_CONVERSION = YES;
				CLANG_WARN_OBJC_IMPLICIT_RETAIN_SELF = YES;
				CLANG_WARN_OBJC_LITERAL_CONVERSION = YES;
				CLANG_WARN_OBJC_ROOT_CLASS = YES_ERROR;
				CLANG_WARN_QUOTED_INCLUDE_IN_FRAMEWORK_HEADER = YES;
				CLANG_WARN_RANGE_LOOP_ANALYSIS = YES;
				CLANG_WARN_STRICT_PROTOTYPES = YES;
				CLANG_WARN_SUSPICIOUS_MOVE = YES;
				CLANG_WARN_UNGUARDED_AVAILABILITY = YES_AGGRESSIVE;
				CLANG_WARN_UNREACHABLE_CODE = YES;
				CLANG_WARN__DUPLICATE_METHOD_MATCH = YES;
				COPY_PHASE_STRIP = NO;
				DEBUG_INFORMATION_FORMAT = "dwarf-with-dsym";
				ENABLE_NS_ASSERTIONS = NO;
				ENABLE_STRICT_OBJC_MSGSEND = YES;
				GCC_C_LANGUAGE_STANDARD = gnu11;
				GCC_NO_COMMON_BLOCKS = YES;
				GCC_WARN_64_TO_32_BIT_CONVERSION = YES;
				GCC_WARN_ABOUT_RETURN_TYPE = YES_ERROR;
				GCC_WARN_UNDECLARED_SELECTOR = YES;
				GCC_WARN_UNINITIALIZED_AUTOS = YES_AGGRESSIVE;
				GCC_WARN_UNUSED_FUNCTION = YES;
				GCC_WARN_UNUSED_VARIABLE = YES;
				IPHONEOS_DEPLOYMENT_TARGET = 17.0;
				MTL_ENABLE_DEBUG_INFO = NO;
				MTL_FAST_MATH = YES;
				PRODUCT_NAME = "$(TARGET_NAME)";
				SDKROOT = iphoneos;
				SWIFT_COMPILATION_MODE = wholemodule;
				SWIFT_OPTIMIZATION_LEVEL = "-O";
				SWIFT_VERSION = 5.0;
			};
			name = Release;
		};
		4E884BF2AE84418C6C869218 /* Debug */ = {
			isa = XCBuildConfiguration;
			buildSettings = {
				ALWAYS_SEARCH_USER_PATHS = NO;
				CLANG_ANALYZER_NONNULL = YES;
				CLANG_ANALYZER_NUMBER_OBJECT_CONVERSION = YES_AGGRESSIVE;
				CLANG_CXX_LANGUAGE_STANDARD = "gnu++14";
				CLANG_CXX_LIBRARY = "libc++";
				CLANG_ENABLE_MODULES = YES;
				CLANG_ENABLE_OBJC_ARC = YES;
				CLANG_ENABLE_OBJC_WEAK = YES;
				CLANG_WARN_BLOCK_CAPTURE_AUTORELEASING = YES;
				CLANG_WARN_BOOL_CONVERSION = YES;
				CLANG_WARN_COMMA = YES;
				CLANG_WARN_CONSTANT_CONVERSION = YES;
				CLANG_WARN_DEPRECATED_OBJC_IMPLEMENTATIONS = YES;
				CLANG_WARN_DIRECT_OBJC_ISA_USAGE = YES_ERROR;
				CLANG_WARN_DOCUMENTATION_COMMENTS = YES;
				CLANG_WARN_EMPTY_BODY = YES;
				CLANG_WARN_ENUM_CONVERSION = YES;
				CLANG_WARN_INFINITE_RECURSION = YES;
				CLANG_WARN_INT_CONVERSION = YES;
				CLANG_WARN_NON_LITERAL_NULL_CONVERSION = YES;
				CLANG_WARN_OBJC_IMPLICIT_RETAIN_SELF = YES;
				CLANG_WARN_OBJC_LITERAL_CONVERSION = YES;
				CLANG_WARN_OBJC_ROOT_CLASS = YES_ERROR;
				CLANG_WARN_QUOTED_INCLUDE_IN_FRAMEWORK_HEADER = YES;
				CLANG_WARN_RANGE_LOOP_ANALYSIS = YES;
				CLANG_WARN_STRICT_PROTOTYPES = YES;
				CLANG_WARN_SUSPICIOUS_MOVE = YES;
				CLANG_WARN_UNGUARDED_AVAILABILITY = YES_AGGRESSIVE;
				CLANG_WARN_UNREACHABLE_CODE = YES;
				CLANG_WARN__DUPLICATE_METHOD_MATCH = YES;
				COPY_PHASE_STRIP = NO;
				DEBUG_INFORMATION_FORMAT = dwarf;
				ENABLE_STRICT_OBJC_MSGSEND = YES;
				ENABLE_TESTABILITY = YES;
				GCC_C_LANGUAGE_STANDARD = gnu11;
				GCC_DYNAMIC_NO_PIC = NO;
				GCC_NO_COMMON_BLOCKS = YES;
				GCC_OPTIMIZATION_LEVEL = 0;
				GCC_PREPROCESSOR_DEFINITIONS = (
					"$(inherited)",
					"DEBUG=1",
				);
				GCC_WARN_64_TO_32_BIT_CONVERSION = YES;
				GCC_WARN_ABOUT_RETURN_TYPE = YES_ERROR;
				GCC_WARN_UNDECLARED_SELECTOR = YES;
				GCC_WARN_UNINITIALIZED_AUTOS = YES_AGGRESSIVE;
				GCC_WARN_UNUSED_FUNCTION = YES;
				GCC_WARN_UNUSED_VARIABLE = YES;
				IPHONEOS_DEPLOYMENT_TARGET = 17.0;
				MTL_ENABLE_DEBUG_INFO = INCLUDE_SOURCE;
				MTL_FAST_MATH = YES;
				ONLY_ACTIVE_ARCH = YES;
				PRODUCT_NAME = "$(TARGET_NAME)";
				SDKROOT = iphoneos;
				SWIFT_ACTIVE_COMPILATION_CONDITIONS = DEBUG;
				SWIFT_OPTIMIZATION_LEVEL = "-Onone";
				SWIFT_VERSION = 5.0;
			};
			name = Debug;
		};
		4F6030EF191A260E7D22C5FB /* Debug */ = {
			isa = XCBuildConfiguration;
			buildSettings = {
				ASSETCATALOG_COMPILER_APPICON_NAME = AppIcon;
				ASSETCATALOG_COMPILER_GLOBAL_ACCENT_COLOR_NAME = AccentColor;
				CODE_SIGN_IDENTITY = "iPhone Developer";
				CURRENT_PROJECT_VERSION = 1;
				DEVELOPMENT_TEAM = PG4Y3SUQ53;
				GENERATE_INFOPLIST_FILE = YES;
				INFOPLIST_FILE = TicTacToeSampler/Info.plist;
				INFOPLIST_KEY_UILaunchScreen_Generation = YES;
				INFOPLIST_KEY_UIStatusBarStyle = "";
				INFOPLIST_KEY_UISupportedInterfaceOrientations = UIInterfaceOrientationPortrait;
				LD_RUNPATH_SEARCH_PATHS = (
					"$(inherited)",
					"@executable_path/Frameworks",
				);
				MARKETING_VERSION = 1.0;
				OTHER_CODE_SIGN_FLAGS = "--deep";
				PRODUCT_BUNDLE_IDENTIFIER = com.davesuzuki.TicTacToeSampler;
				SDKROOT = iphoneos;
				TARGETED_DEVICE_FAMILY = "1,2";
			};
			name = Debug;
		};
/* End XCBuildConfiguration section */

/* Begin XCConfigurationList section */
		3BB184413585A3C70082A641 /* Build configuration list for PBXProject "TicTacToeSampler" */ = {
			isa = XCConfigurationList;
			buildConfigurations = (
				4E884BF2AE84418C6C869218 /* Debug */,
				302112A80977441A17D0E7D6 /* Release */,
			);
			defaultConfigurationIsVisible = 0;
			defaultConfigurationName = Debug;
		};
		B486AE9C1E9665122F0A1271 /* Build configuration list for PBXNativeTarget "TicTacToeSampler" */ = {
			isa = XCConfigurationList;
			buildConfigurations = (
				4F6030EF191A260E7D22C5FB /* Debug */,
				1CBB0BEA6C85988BBFA9694A /* Release */,
			);
			defaultConfigurationIsVisible = 0;
			defaultConfigurationName = Debug;
		};
/* End XCConfigurationList section */
	};
	rootObject = 44ACEDEB3EC3FD08077E3087 /* Project object */;
}
